
Microsoft Visual Studio Solution File, Format Version 12.00
# Visual Studio Version 17
VisualStudioVersion = 17.7.34221.43
MinimumVisualStudioVersion = 10.0.40219.1
Project("{FAE04EC0-301F-11D3-BF4B-00C04F79EFBC}") = "ThreadPractice", "ThreadPractice.csproj", "{BD7F78B5-3C94-4B61-8E57-16763A349CEA}"
EndProject
Global
	GlobalSection(SolutionConfigurationPlatforms) = preSolution
		Debug|Any CPU = Debug|Any CPU
		Release|Any CPU = Release|Any CPU
	EndGlobalSection
	GlobalSection(ProjectConfigurationPlatforms) = postSolution
		{BD7F78B5-3C94-4B61-8E57-16763A349CEA}.Debug|Any CPU.ActiveCfg = Debug|Any CPU
		{BD7F78B5-3C94-4B61-8E57-16763A349CEA}.Debug|Any CPU.Build.0 = Debug|Any CPU
		{BD7F78B5-3C94-4B61-8E57-16763A349CEA}.Release|Any CPU.ActiveCfg = Release|Any CPU
		{BD7F78B5-3C94-4B61-8E57-16763A349CEA}.Release|Any CPU.Build.0 = Release|Any CPU
	EndGlobalSection
	GlobalSection(SolutionProperties) = preSolution
		HideSolutionNode = FALSE
	EndGlobalSection
	GlobalSection(ExtensibilityGlobals) = postSolution
		SolutionGuid = {3A78EBE0-8065-47DE-87DD-D177EA768013}
	EndGlobalSection
EndGlobal
